
Microsoft Visual Studio Solution File, Format Version 12.00
# Visual Studio Version 17
VisualStudioVersion = 17.7.34031.279
MinimumVisualStudioVersion = 10.0.40219.1
Project("{FAE04EC0-301F-11D3-BF4B-00C04F79EFBC}") = "Task0VS", "Task0VS\Task0VS.csproj", "{4037AED1-31B2-41BE-A8FD-EEC652F7E94E}"
EndProject
Global
	GlobalSection(SolutionConfigurationPlatforms) = preSolution
		Debug|Any CPU = Debug|Any CPU
		Release|Any CPU = Release|Any CPU
	EndGlobalSection
	GlobalSection(ProjectConfigurationPlatforms) = postSolution
		{4037AED1-31B2-41BE-A8FD-EEC652F7E94E}.Debug|Any CPU.ActiveCfg = Debug|Any CPU
		{4037AED1-31B2-41BE-A8FD-EEC652F7E94E}.Debug|Any CPU.Build.0 = Debug|Any CPU
		{4037AED1-31B2-41BE-A8FD-EEC652F7E94E}.Release|Any CPU.ActiveCfg = Release|Any CPU
		{4037AED1-31B2-41BE-A8FD-EEC652F7E94E}.Release|Any CPU.Build.0 = Release|Any CPU
	EndGlobalSection
	GlobalSection(SolutionProperties) = preSolution
		HideSolutionNode = FALSE
	EndGlobalSection
	GlobalSection(ExtensibilityGlobals) = postSolution
		SolutionGuid = {B6FDB6C6-EA2E-4061-8F22-4AB3D0CB8C75}
	EndGlobalSection
EndGlobal
